
Microsoft Visual Studio Solution File, Format Version 12.00
# Visual Studio Version 17
VisualStudioVersion = 17.11.35222.181
MinimumVisualStudioVersion = 10.0.40219.1
Project("{8BC9CEB8-8B4A-11D0-8D11-00A0C91BC942}") = "codebai1", "codebai1\codebai1.vcxproj", "{BDF4A4DF-4A43-4D48-A03F-4CB2CC354401}"
EndProject
Global
	GlobalSection(SolutionConfigurationPlatforms) = preSolution
		Debug|x64 = Debug|x64
		Debug|x86 = Debug|x86
		Release|x64 = Release|x64
		Release|x86 = Release|x86
	EndGlobalSection
	GlobalSection(ProjectConfigurationPlatforms) = postSolution
		{BDF4A4DF-4A43-4D48-A03F-4CB2CC354401}.Debug|x64.ActiveCfg = Debug|x64
		{BDF4A4DF-4A43-4D48-A03F-4CB2CC354401}.Debug|x64.Build.0 = Debug|x64
		{BDF4A4DF-4A43-4D48-A03F-4CB2CC354401}.Debug|x86.ActiveCfg = Debug|Win32
		{BDF4A4DF-4A43-4D48-A03F-4CB2CC354401}.Debug|x86.Build.0 = Debug|Win32
		{BDF4A4DF-4A43-4D48-A03F-4CB2CC354401}.Release|x64.ActiveCfg = Release|x64
		{BDF4A4DF-4A43-4D48-A03F-4CB2CC354401}.Release|x64.Build.0 = Release|x64
		{BDF4A4DF-4A43-4D48-A03F-4CB2CC354401}.Release|x86.ActiveCfg = Release|Win32
		{BDF4A4DF-4A43-4D48-A03F-4CB2CC354401}.Release|x86.Build.0 = Release|Win32
	EndGlobalSection
	GlobalSection(SolutionProperties) = preSolution
		HideSolutionNode = FALSE
	EndGlobalSection
	GlobalSection(ExtensibilityGlobals) = postSolution
		SolutionGuid = {6EB80027-ADA6-4A7A-B102-6899C3277644}
	EndGlobalSection
EndGlobal
